
Microsoft Visual Studio Solution File, Format Version 12.00
# Visual Studio 15
VisualStudioVersion = 15.0.26730.12
MinimumVisualStudioVersion = 10.0.40219.1
Project("{FAE04EC0-301F-11D3-BF4B-00C04F79EFBC}") = "SampleEntryValidator.Android", "SampleEntryValidator\SampleEntryValidator.Android\SampleEntryValidator.Android.csproj", "{E3680487-4F11-4057-9386-31BE1600266B}"
EndProject
Project("{FAE04EC0-301F-11D3-BF4B-00C04F79EFBC}") = "SampleEntryValidator", "SampleEntryValidator\SampleEntryValidator\SampleEntryValidator.csproj", "{1F443893-7DF9-4FD0-8396-20B71A715B67}"
EndProject
Project("{FAE04EC0-301F-11D3-BF4B-00C04F79EFBC}") = "SampleEntryValidator.UWP", "SampleEntryValidator\SampleEntryValidator.UWP\SampleEntryValidator.UWP.csproj", "{1ECC779D-1534-49F9-A4E5-323AFD04A9C5}"
EndProject
Project("{FAE04EC0-301F-11D3-BF4B-00C04F79EFBC}") = "SampleEntryValidator.iOS", "SampleEntryValidator\SampleEntryValidator.iOS\SampleEntryValidator.iOS.csproj", "{79E32152-6B81-4D0F-96FC-83EF01CE1E1D}"
EndProject
Global
	GlobalSection(SolutionConfigurationPlatforms) = preSolution
		Ad-Hoc|Any CPU = Ad-Hoc|Any CPU
		Ad-Hoc|ARM = Ad-Hoc|ARM
		Ad-Hoc|iPhone = Ad-Hoc|iPhone
		Ad-Hoc|iPhoneSimulator = Ad-Hoc|iPhoneSimulator
		Ad-Hoc|x64 = Ad-Hoc|x64
		Ad-Hoc|x86 = Ad-Hoc|x86
		AppStore|Any CPU = AppStore|Any CPU
		AppStore|ARM = AppStore|ARM
		AppStore|iPhone = AppStore|iPhone
		AppStore|iPhoneSimulator = AppStore|iPhoneSimulator
		AppStore|x64 = AppStore|x64
		AppStore|x86 = AppStore|x86
		Debug|Any CPU = Debug|Any CPU
		Debug|ARM = Debug|ARM
		Debug|iPhone = Debug|iPhone
		Debug|iPhoneSimulator = Debug|iPhoneSimulator
		Debug|x64 = Debug|x64
		Debug|x86 = Debug|x86
		Release|Any CPU = Release|Any CPU
		Release|ARM = Release|ARM
		Release|iPhone = Release|iPhone
		Release|iPhoneSimulator = Release|iPhoneSimulator
		Release|x64 = Release|x64
		Release|x86 = Release|x86
	EndGlobalSection
	GlobalSection(ProjectConfigurationPlatforms) = postSolution
		{E3680487-4F11-4057-9386-31BE1600266B}.Ad-Hoc|Any CPU.ActiveCfg = Release|Any CPU
		{E3680487-4F11-4057-9386-31BE1600266B}.Ad-Hoc|Any CPU.Build.0 = Release|Any CPU
		{E3680487-4F11-4057-9386-31BE1600266B}.Ad-Hoc|Any CPU.Deploy.0 = Release|Any CPU
		{E3680487-4F11-4057-9386-31BE1600266B}.Ad-Hoc|ARM.ActiveCfg = Release|Any CPU
		{E3680487-4F11-4057-9386-31BE1600266B}.Ad-Hoc|ARM.Build.0 = Release|Any CPU
		{E3680487-4F11-4057-9386-31BE1600266B}.Ad-Hoc|ARM.Deploy.0 = Release|Any CPU
		{E3680487-4F11-4057-9386-31BE1600266B}.Ad-Hoc|iPhone.ActiveCfg = Release|Any CPU
		{E3680487-4F11-4057-9386-31BE1600266B}.Ad-Hoc|iPhone.Build.0 = Release|Any CPU
		{E3680487-4F11-4057-9386-31BE1600266B}.Ad-Hoc|iPhone.Deploy.0 = Release|Any CPU
		{E3680487-4F11-4057-9386-31BE1600266B}.Ad-Hoc|iPhoneSimulator.ActiveCfg = Release|Any CPU
		{E3680487-4F11-4057-9386-31BE1600266B}.Ad-Hoc|iPhoneSimulator.Build.0 = Release|Any CPU
		{E3680487-4F11-4057-9386-31BE1600266B}.Ad-Hoc|iPhoneSimulator.Deploy.0 = Release|Any CPU
		{E3680487-4F11-4057-9386-31BE1600266B}.Ad-Hoc|x64.ActiveCfg = Release|Any CPU
		{E3680487-4F11-4057-9386-31BE1600266B}.Ad-Hoc|x64.Build.0 = Release|Any CPU
		{E3680487-4F11-4057-9386-31BE1600266B}.Ad-Hoc|x64.Deploy.0 = Release|Any CPU
		{E3680487-4F11-4057-9386-31BE1600266B}.Ad-Hoc|x86.ActiveCfg = Release|Any CPU
		{E3680487-4F11-4057-9386-31BE1600266B}.Ad-Hoc|x86.Build.0 = Release|Any CPU
		{E3680487-4F11-4057-9386-31BE1600266B}.Ad-Hoc|x86.Deploy.0 = Release|Any CPU
		{E3680487-4F11-4057-9386-31BE1600266B}.AppStore|Any CPU.ActiveCfg = Release|Any CPU
		{E3680487-4F11-4057-9386-31BE1600266B}.AppStore|Any CPU.Build.0 = Release|Any CPU
		{E3680487-4F11-4057-9386-31BE1600266B}.AppStore|Any CPU.Deploy.0 = Release|Any CPU
		{E3680487-4F11-4057-9386-31BE1600266B}.AppStore|ARM.ActiveCfg = Release|Any CPU
		{E3680487-4F11-4057-9386-31BE1600266B}.AppStore|ARM.Build.0 = Release|Any CPU
		{E3680487-4F11-4057-9386-31BE1600266B}.AppStore|ARM.Deploy.0 = Release|Any CPU
		{E3680487-4F11-4057-9386-31BE1600266B}.AppStore|iPhone.ActiveCfg = Release|Any CPU
		{E3680487-4F11-4057-9386-31BE1600266B}.AppStore|iPhone.Build.0 = Release|Any CPU
		{E3680487-4F11-4057-9386-31BE1600266B}.AppStore|iPhone.Deploy.0 = Release|Any CPU
		{E3680487-4F11-4057-9386-31BE1600266B}.AppStore|iPhoneSimulator.ActiveCfg = Release|Any CPU
		{E3680487-4F11-4057-9386-31BE1600266B}.AppStore|iPhoneSimulator.Build.0 = Release|Any CPU
		{E3680487-4F11-4057-9386-31BE1600266B}.AppStore|iPhoneSimulator.Deploy.0 = Release|Any CPU
		{E3680487-4F11-4057-9386-31BE1600266B}.AppStore|x64.ActiveCfg = Release|Any CPU
		{E3680487-4F11-4057-9386-31BE1600266B}.AppStore|x64.Build.0 = Release|Any CPU
		{E3680487-4F11-4057-9386-31BE1600266B}.AppStore|x64.Deploy.0 = Release|Any CPU
		{E3680487-4F11-4057-9386-31BE1600266B}.AppStore|x86.ActiveCfg = Release|Any CPU
		{E3680487-4F11-4057-9386-31BE1600266B}.AppStore|x86.Build.0 = Release|Any CPU
		{E3680487-4F11-4057-9386-31BE1600266B}.AppStore|x86.Deploy.0 = Release|Any CPU
		{E3680487-4F11-4057-9386-31BE1600266B}.Debug|Any CPU.ActiveCfg = Debug|Any CPU
		{E3680487-4F11-4057-9386-31BE1600266B}.Debug|Any CPU.Build.0 = Debug|Any CPU
		{E3680487-4F11-4057-9386-31BE1600266B}.Debug|Any CPU.Deploy.0 = Debug|Any CPU
		{E3680487-4F11-4057-9386-31BE1600266B}.Debug|ARM.ActiveCfg = Debug|Any CPU
		{E3680487-4F11-4057-9386-31BE1600266B}.Debug|ARM.Build.0 = Debug|Any CPU
		{E3680487-4F11-4057-9386-31BE1600266B}.Debug|ARM.Deploy.0 = Debug|Any CPU
		{E3680487-4F11-4057-9386-31BE1600266B}.Debug|iPhone.ActiveCfg = Debug|Any CPU
		{E3680487-4F11-4057-9386-31BE1600266B}.Debug|iPhone.Build.0 = Debug|Any CPU
		{E3680487-4F11-4057-9386-31BE1600266B}.Debug|iPhone.Deploy.0 = Debug|Any CPU
		{E3680487-4F11-4057-9386-31BE1600266B}.Debug|iPhoneSimulator.ActiveCfg = Debug|Any CPU
		{E3680487-4F11-4057-9386-31BE1600266B}.Debug|iPhoneSimulator.Build.0 = Debug|Any CPU
		{E3680487-4F11-4057-9386-31BE1600266B}.Debug|iPhoneSimulator.Deploy.0 = Debug|Any CPU
		{E3680487-4F11-4057-9386-31BE1600266B}.Debug|x64.ActiveCfg = Debug|Any CPU
		{E3680487-4F11-4057-9386-31BE1600266B}.Debug|x64.Build.0 = Debug|Any CPU
		{E3680487-4F11-4057-9386-31BE1600266B}.Debug|x64.Deploy.0 = Debug|Any CPU
		{E3680487-4F11-4057-9386-31BE1600266B}.Debug|x86.ActiveCfg = Debug|Any CPU
		{E3680487-4F11-4057-9386-31BE1600266B}.Debug|x86.Build.0 = Debug|Any CPU
		{E3680487-4F11-4057-9386-31BE1600266B}.Debug|x86.Deploy.0 = Debug|Any CPU
		{E3680487-4F11-4057-9386-31BE1600266B}.Release|Any CPU.ActiveCfg = Release|Any CPU
		{E3680487-4F11-4057-9386-31BE1600266B}.Release|Any CPU.Build.0 = Release|Any CPU
		{E3680487-4F11-4057-9386-31BE1600266B}.Release|Any CPU.Deploy.0 = Release|Any CPU
		{E3680487-4F11-4057-9386-31BE1600266B}.Release|ARM.ActiveCfg = Release|Any CPU
		{E3680487-4F11-4057-9386-31BE1600266B}.Release|ARM.Build.0 = Release|Any CPU
		{E3680487-4F11-4057-9386-31BE1600266B}.Release|ARM.Deploy.0 = Release|Any CPU
		{E3680487-4F11-4057-9386-31BE1600266B}.Release|iPhone.ActiveCfg = Release|Any CPU
		{E3680487-4F11-4057-9386-31BE1600266B}.Release|iPhone.Build.0 = Release|Any CPU
		{E3680487-4F11-4057-9386-31BE1600266B}.Release|iPhone.Deploy.0 = Release|Any CPU
		{E3680487-4F11-4057-9386-31BE1600266B}.Release|iPhoneSimulator.ActiveCfg = Release|Any CPU
		{E3680487-4F11-4057-9386-31BE1600266B}.Release|iPhoneSimulator.Build.0 = Release|Any CPU
		{E3680487-4F11-4057-9386-31BE1600266B}.Release|iPhoneSimulator.Deploy.0 = Release|Any CPU
		{E3680487-4F11-4057-9386-31BE1600266B}.Release|x64.ActiveCfg = Release|Any CPU
		{E3680487-4F11-4057-9386-31BE1600266B}.Release|x64.Build.0 = Release|Any CPU
		{E3680487-4F11-4057-9386-31BE1600266B}.Release|x64.Deploy.0 = Release|Any CPU
		{E3680487-4F11-4057-9386-31BE1600266B}.Release|x86.ActiveCfg = Release|Any CPU
		{E3680487-4F11-4057-9386-31BE1600266B}.Release|x86.Build.0 = Release|Any CPU
		{E3680487-4F11-4057-9386-31BE1600266B}.Release|x86.Deploy.0 = Release|Any CPU
		{1F443893-7DF9-4FD0-8396-20B71A715B67}.Ad-Hoc|Any CPU.ActiveCfg = Release|Any CPU
		{1F443893-7DF9-4FD0-8396-20B71A715B67}.Ad-Hoc|Any CPU.Build.0 = Release|Any CPU
		{1F443893-7DF9-4FD0-8396-20B71A715B67}.Ad-Hoc|ARM.ActiveCfg = Release|Any CPU
		{1F443893-7DF9-4FD0-8396-20B71A715B67}.Ad-Hoc|ARM.Build.0 = Release|Any CPU
		{1F443893-7DF9-4FD0-8396-20B71A715B67}.Ad-Hoc|iPhone.ActiveCfg = Release|Any CPU
		{1F443893-7DF9-4FD0-8396-20B71A715B67}.Ad-Hoc|iPhone.Build.0 = Release|Any CPU
		{1F443893-7DF9-4FD0-8396-20B71A715B67}.Ad-Hoc|iPhoneSimulator.ActiveCfg = Release|Any CPU
		{1F443893-7DF9-4FD0-8396-20B71A715B67}.Ad-Hoc|iPhoneSimulator.Build.0 = Release|Any CPU
		{1F443893-7DF9-4FD0-8396-20B71A715B67}.Ad-Hoc|x64.ActiveCfg = Release|Any CPU
		{1F443893-7DF9-4FD0-8396-20B71A715B67}.Ad-Hoc|x64.Build.0 = Release|Any CPU
		{1F443893-7DF9-4FD0-8396-20B71A715B67}.Ad-Hoc|x86.ActiveCfg = Release|Any CPU
		{1F443893-7DF9-4FD0-8396-20B71A715B67}.Ad-Hoc|x86.Build.0 = Release|Any CPU
		{1F443893-7DF9-4FD0-8396-20B71A715B67}.AppStore|Any CPU.ActiveCfg = Release|Any CPU
		{1F443893-7DF9-4FD0-8396-20B71A715B67}.AppStore|Any CPU.Build.0 = Release|Any CPU
		{1F443893-7DF9-4FD0-8396-20B71A715B67}.AppStore|ARM.ActiveCfg = Release|Any CPU
		{1F443893-7DF9-4FD0-8396-20B71A715B67}.AppStore|ARM.Build.0 = Release|Any CPU
		{1F443893-7DF9-4FD0-8396-20B71A715B67}.AppStore|iPhone.ActiveCfg = Release|Any CPU
		{1F443893-7DF9-4FD0-8396-20B71A715B67}.AppStore|iPhone.Build.0 = Release|Any CPU
		{1F443893-7DF9-4FD0-8396-20B71A715B67}.AppStore|iPhoneSimulator.ActiveCfg = Release|Any CPU
		{1F443893-7DF9-4FD0-8396-20B71A715B67}.AppStore|iPhoneSimulator.Build.0 = Release|Any CPU
		{1F443893-7DF9-4FD0-8396-20B71A715B67}.AppStore|x64.ActiveCfg = Release|Any CPU
		{1F443893-7DF9-4FD0-8396-20B71A715B67}.AppStore|x64.Build.0 = Release|Any CPU
		{1F443893-7DF9-4FD0-8396-20B71A715B67}.AppStore|x86.ActiveCfg = Release|Any CPU
		{1F443893-7DF9-4FD0-8396-20B71A715B67}.AppStore|x86.Build.0 = Release|Any CPU
		{1F443893-7DF9-4FD0-8396-20B71A715B67}.Debug|Any CPU.ActiveCfg = Debug|Any CPU
		{1F443893-7DF9-4FD0-8396-20B71A715B67}.Debug|Any CPU.Build.0 = Debug|Any CPU
		{1F443893-7DF9-4FD0-8396-20B71A715B67}.Debug|ARM.ActiveCfg = Debug|Any CPU
		{1F443893-7DF9-4FD0-8396-20B71A715B67}.Debug|ARM.Build.0 = Debug|Any CPU
		{1F443893-7DF9-4FD0-8396-20B71A715B67}.Debug|iPhone.ActiveCfg = Debug|Any CPU
		{1F443893-7DF9-4FD0-8396-20B71A715B67}.Debug|iPhone.Build.0 = Debug|Any CPU
		{1F443893-7DF9-4FD0-8396-20B71A715B67}.Debug|iPhoneSimulator.ActiveCfg = Debug|Any CPU
		{1F443893-7DF9-4FD0-8396-20B71A715B67}.Debug|iPhoneSimulator.Build.0 = Debug|Any CPU
		{1F443893-7DF9-4FD0-8396-20B71A715B67}.Debug|x64.ActiveCfg = Debug|Any CPU
		{1F443893-7DF9-4FD0-8396-20B71A715B67}.Debug|x64.Build.0 = Debug|Any CPU
		{1F443893-7DF9-4FD0-8396-20B71A715B67}.Debug|x86.ActiveCfg = Debug|Any CPU
		{1F443893-7DF9-4FD0-8396-20B71A715B67}.Debug|x86.Build.0 = Debug|Any CPU
		{1F443893-7DF9-4FD0-8396-20B71A715B67}.Release|Any CPU.ActiveCfg = Release|Any CPU
		{1F443893-7DF9-4FD0-8396-20B71A715B67}.Release|Any CPU.Build.0 = Release|Any CPU
		{1F443893-7DF9-4FD0-8396-20B71A715B67}.Release|ARM.ActiveCfg = Release|Any CPU
		{1F443893-7DF9-4FD0-8396-20B71A715B67}.Release|ARM.Build.0 = Release|Any CPU
		{1F443893-7DF9-4FD0-8396-20B71A715B67}.Release|iPhone.ActiveCfg = Release|Any CPU
		{1F443893-7DF9-4FD0-8396-20B71A715B67}.Release|iPhone.Build.0 = Release|Any CPU
		{1F443893-7DF9-4FD0-8396-20B71A715B67}.Release|iPhoneSimulator.ActiveCfg = Release|Any CPU
		{1F443893-7DF9-4FD0-8396-20B71A715B67}.Release|iPhoneSimulator.Build.0 = Release|Any CPU
		{1F443893-7DF9-4FD0-8396-20B71A715B67}.Release|x64.ActiveCfg = Release|Any CPU
		{1F443893-7DF9-4FD0-8396-20B71A715B67}.Release|x64.Build.0 = Release|Any CPU
		{1F443893-7DF9-4FD0-8396-20B71A715B67}.Release|x86.ActiveCfg = Release|Any CPU
		{1F443893-7DF9-4FD0-8396-20B71A715B67}.Release|x86.Build.0 = Release|Any CPU
		{1ECC779D-1534-49F9-A4E5-323AFD04A9C5}.Ad-Hoc|Any CPU.ActiveCfg = Release|x86
		{1ECC779D-1534-49F9-A4E5-323AFD04A9C5}.Ad-Hoc|Any CPU.Build.0 = Release|x86
		{1ECC779D-1534-49F9-A4E5-323AFD04A9C5}.Ad-Hoc|Any CPU.Deploy.0 = Release|x86
		{1ECC779D-1534-49F9-A4E5-323AFD04A9C5}.Ad-Hoc|ARM.ActiveCfg = Release|ARM
		{1ECC779D-1534-49F9-A4E5-323AFD04A9C5}.Ad-Hoc|ARM.Build.0 = Release|ARM
		{1ECC779D-1534-49F9-A4E5-323AFD04A9C5}.Ad-Hoc|ARM.Deploy.0 = Release|ARM
		{1ECC779D-1534-49F9-A4E5-323AFD04A9C5}.Ad-Hoc|iPhone.ActiveCfg = Release|x86
		{1ECC779D-1534-49F9-A4E5-323AFD04A9C5}.Ad-Hoc|iPhone.Build.0 = Release|x86
		{1ECC779D-1534-49F9-A4E5-323AFD04A9C5}.Ad-Hoc|iPhone.Deploy.0 = Release|x86
		{1ECC779D-1534-49F9-A4E5-323AFD04A9C5}.Ad-Hoc|iPhoneSimulator.ActiveCfg = Release|x86
		{1ECC779D-1534-49F9-A4E5-323AFD04A9C5}.Ad-Hoc|iPhoneSimulator.Build.0 = Release|x86
		{1ECC779D-1534-49F9-A4E5-323AFD04A9C5}.Ad-Hoc|iPhoneSimulator.Deploy.0 = Release|x86
		{1ECC779D-1534-49F9-A4E5-323AFD04A9C5}.Ad-Hoc|x64.ActiveCfg = Release|x64
		{1ECC779D-1534-49F9-A4E5-323AFD04A9C5}.Ad-Hoc|x64.Build.0 = Release|x64
		{1ECC779D-1534-49F9-A4E5-323AFD04A9C5}.Ad-Hoc|x64.Deploy.0 = Release|x64
		{1ECC779D-1534-49F9-A4E5-323AFD04A9C5}.Ad-Hoc|x86.ActiveCfg = Release|x86
		{1ECC779D-1534-49F9-A4E5-323AFD04A9C5}.Ad-Hoc|x86.Build.0 = Release|x86
		{1ECC779D-1534-49F9-A4E5-323AFD04A9C5}.Ad-Hoc|x86.Deploy.0 = Release|x86
		{1ECC779D-1534-49F9-A4E5-323AFD04A9C5}.AppStore|Any CPU.ActiveCfg = Release|x86
		{1ECC779D-1534-49F9-A4E5-323AFD04A9C5}.AppStore|Any CPU.Build.0 = Release|x86
		{1ECC779D-1534-49F9-A4E5-323AFD04A9C5}.AppStore|Any CPU.Deploy.0 = Release|x86
		{1ECC779D-1534-49F9-A4E5-323AFD04A9C5}.AppStore|ARM.ActiveCfg = Release|ARM
		{1ECC779D-1534-49F9-A4E5-323AFD04A9C5}.AppStore|ARM.Build.0 = Release|ARM
		{1ECC779D-1534-49F9-A4E5-323AFD04A9C5}.AppStore|ARM.Deploy.0 = Release|ARM
		{1ECC779D-1534-49F9-A4E5-323AFD04A9C5}.AppStore|iPhone.ActiveCfg = Release|x86
		{1ECC779D-1534-49F9-A4E5-323AFD04A9C5}.AppStore|iPhone.Build.0 = Release|x86
		{1ECC779D-1534-49F9-A4E5-323AFD04A9C5}.AppStore|iPhone.Deploy.0 = Release|x86
		{1ECC779D-1534-49F9-A4E5-323AFD04A9C5}.AppStore|iPhoneSimulator.ActiveCfg = Release|x86
		{1ECC779D-1534-49F9-A4E5-323AFD04A9C5}.AppStore|iPhoneSimulator.Build.0 = Release|x86
		{1ECC779D-1534-49F9-A4E5-323AFD04A9C5}.AppStore|iPhoneSimulator.Deploy.0 = Release|x86
		{1ECC779D-1534-49F9-A4E5-323AFD04A9C5}.AppStore|x64.ActiveCfg = Release|x64
		{1ECC779D-1534-49F9-A4E5-323AFD04A9C5}.AppStore|x64.Build.0 = Release|x64
		{1ECC779D-1534-49F9-A4E5-323AFD04A9C5}.AppStore|x64.Deploy.0 = Release|x64
		{1ECC779D-1534-49F9-A4E5-323AFD04A9C5}.AppStore|x86.ActiveCfg = Release|x86
		{1ECC779D-1534-49F9-A4E5-323AFD04A9C5}.AppStore|x86.Build.0 = Release|x86
		{1ECC779D-1534-49F9-A4E5-323AFD04A9C5}.AppStore|x86.Deploy.0 = Release|x86
		{1ECC779D-1534-49F9-A4E5-323AFD04A9C5}.Debug|Any CPU.ActiveCfg = Debug|x86
		{1ECC779D-1534-49F9-A4E5-323AFD04A9C5}.Debug|ARM.ActiveCfg = Debug|ARM
		{1ECC779D-1534-49F9-A4E5-323AFD04A9C5}.Debug|ARM.Build.0 = Debug|ARM
		{1ECC779D-1534-49F9-A4E5-323AFD04A9C5}.Debug|ARM.Deploy.0 = Debug|ARM
		{1ECC779D-1534-49F9-A4E5-323AFD04A9C5}.Debug|iPhone.ActiveCfg = Debug|x86
		{1ECC779D-1534-49F9-A4E5-323AFD04A9C5}.Debug|iPhoneSimulator.ActiveCfg = Debug|x86
		{1ECC779D-1534-49F9-A4E5-323AFD04A9C5}.Debug|x64.ActiveCfg = Debug|x64
		{1ECC779D-1534-49F9-A4E5-323AFD04A9C5}.Debug|x64.Build.0 = Debug|x64
		{1ECC779D-1534-49F9-A4E5-323AFD04A9C5}.Debug|x64.Deploy.0 = Debug|x64
		{1ECC779D-1534-49F9-A4E5-323AFD04A9C5}.Debug|x86.ActiveCfg = Debug|x86
		{1ECC779D-1534-49F9-A4E5-323AFD04A9C5}.Debug|x86.Build.0 = Debug|x86
		{1ECC779D-1534-49F9-A4E5-323AFD04A9C5}.Debug|x86.Deploy.0 = Debug|x86
		{1ECC779D-1534-49F9-A4E5-323AFD04A9C5}.Release|Any CPU.ActiveCfg = Release|x86
		{1ECC779D-1534-49F9-A4E5-323AFD04A9C5}.Release|ARM.ActiveCfg = Release|ARM
		{1ECC779D-1534-49F9-A4E5-323AFD04A9C5}.Release|ARM.Build.0 = Release|ARM
		{1ECC779D-1534-49F9-A4E5-323AFD04A9C5}.Release|ARM.Deploy.0 = Release|ARM
		{1ECC779D-1534-49F9-A4E5-323AFD04A9C5}.Release|iPhone.ActiveCfg = Release|x86
		{1ECC779D-1534-49F9-A4E5-323AFD04A9C5}.Release|iPhoneSimulator.ActiveCfg = Release|x86
		{1ECC779D-1534-49F9-A4E5-323AFD04A9C5}.Release|x64.ActiveCfg = Release|x64
		{1ECC779D-1534-49F9-A4E5-323AFD04A9C5}.Release|x64.Build.0 = Release|x64
		{1ECC779D-1534-49F9-A4E5-323AFD04A9C5}.Release|x64.Deploy.0 = Release|x64
		{1ECC779D-1534-49F9-A4E5-323AFD04A9C5}.Release|x86.ActiveCfg = Release|x86
		{1ECC779D-1534-49F9-A4E5-323AFD04A9C5}.Release|x86.Build.0 = Release|x86
		{1ECC779D-1534-49F9-A4E5-323AFD04A9C5}.Release|x86.Deploy.0 = Release|x86
		{79E32152-6B81-4D0F-96FC-83EF01CE1E1D}.Ad-Hoc|Any CPU.ActiveCfg = Ad-Hoc|iPhone
		{79E32152-6B81-4D0F-96FC-83EF01CE1E1D}.Ad-Hoc|ARM.ActiveCfg = Ad-Hoc|iPhone
		{79E32152-6B81-4D0F-96FC-83EF01CE1E1D}.Ad-Hoc|iPhone.ActiveCfg = Ad-Hoc|iPhone
		{79E32152-6B81-4D0F-96FC-83EF01CE1E1D}.Ad-Hoc|iPhone.Build.0 = Ad-Hoc|iPhone
		{79E32152-6B81-4D0F-96FC-83EF01CE1E1D}.Ad-Hoc|iPhoneSimulator.ActiveCfg = Ad-Hoc|iPhoneSimulator
		{79E32152-6B81-4D0F-96FC-83EF01CE1E1D}.Ad-Hoc|iPhoneSimulator.Build.0 = Ad-Hoc|iPhoneSimulator
		{79E32152-6B81-4D0F-96FC-83EF01CE1E1D}.Ad-Hoc|x64.ActiveCfg = Ad-Hoc|iPhone
		{79E32152-6B81-4D0F-96FC-83EF01CE1E1D}.Ad-Hoc|x86.ActiveCfg = Ad-Hoc|iPhone
		{79E32152-6B81-4D0F-96FC-83EF01CE1E1D}.AppStore|Any CPU.ActiveCfg = AppStore|iPhone
		{79E32152-6B81-4D0F-96FC-83EF01CE1E1D}.AppStore|ARM.ActiveCfg = AppStore|iPhone
		{79E32152-6B81-4D0F-96FC-83EF01CE1E1D}.AppStore|iPhone.ActiveCfg = AppStore|iPhone
		{79E32152-6B81-4D0F-96FC-83EF01CE1E1D}.AppStore|iPhone.Build.0 = AppStore|iPhone
		{79E32152-6B81-4D0F-96FC-83EF01CE1E1D}.AppStore|iPhoneSimulator.ActiveCfg = AppStore|iPhoneSimulator
		{79E32152-6B81-4D0F-96FC-83EF01CE1E1D}.AppStore|iPhoneSimulator.Build.0 = AppStore|iPhoneSimulator
		{79E32152-6B81-4D0F-96FC-83EF01CE1E1D}.AppStore|x64.ActiveCfg = AppStore|iPhone
		{79E32152-6B81-4D0F-96FC-83EF01CE1E1D}.AppStore|x86.ActiveCfg = AppStore|iPhone
		{79E32152-6B81-4D0F-96FC-83EF01CE1E1D}.Debug|Any CPU.ActiveCfg = Debug|iPhone
		{79E32152-6B81-4D0F-96FC-83EF01CE1E1D}.Debug|ARM.ActiveCfg = Debug|iPhone
		{79E32152-6B81-4D0F-96FC-83EF01CE1E1D}.Debug|iPhone.ActiveCfg = Debug|iPhone
		{79E32152-6B81-4D0F-96FC-83EF01CE1E1D}.Debug|iPhone.Build.0 = Debug|iPhone
		{79E32152-6B81-4D0F-96FC-83EF01CE1E1D}.Debug|iPhoneSimulator.ActiveCfg = Debug|iPhoneSimulator
		{79E32152-6B81-4D0F-96FC-83EF01CE1E1D}.Debug|iPhoneSimulator.Build.0 = Debug|iPhoneSimulator
		{79E32152-6B81-4D0F-96FC-83EF01CE1E1D}.Debug|x64.ActiveCfg = Debug|iPhone
		{79E32152-6B81-4D0F-96FC-83EF01CE1E1D}.Debug|x86.ActiveCfg = Debug|iPhone
		{79E32152-6B81-4D0F-96FC-83EF01CE1E1D}.Release|Any CPU.ActiveCfg = Release|iPhone
		{79E32152-6B81-4D0F-96FC-83EF01CE1E1D}.Release|ARM.ActiveCfg = Release|iPhone
		{79E32152-6B81-4D0F-96FC-83EF01CE1E1D}.Release|iPhone.ActiveCfg = Release|iPhone
		{79E32152-6B81-4D0F-96FC-83EF01CE1E1D}.Release|iPhone.Build.0 = Release|iPhone
		{79E32152-6B81-4D0F-96FC-83EF01CE1E1D}.Release|iPhoneSimulator.ActiveCfg = Release|iPhoneSimulator
		{79E32152-6B81-4D0F-96FC-83EF01CE1E1D}.Release|iPhoneSimulator.Build.0 = Release|iPhoneSimulator
		{79E32152-6B81-4D0F-96FC-83EF01CE1E1D}.Release|x64.ActiveCfg = Release|iPhone
		{79E32152-6B81-4D0F-96FC-83EF01CE1E1D}.Release|x86.ActiveCfg = Release|iPhone
	EndGlobalSection
	GlobalSection(SolutionProperties) = preSolution
		HideSolutionNode = FALSE
	EndGlobalSection
	GlobalSection(ExtensibilityGlobals) = postSolution
		SolutionGuid = {634EF66E-9CC3-49CD-854D-EF7D0C978F0B}
	EndGlobalSection
EndGlobal
